
Microsoft Visual Studio Solution File, Format Version 12.00
# Visual Studio Version 17
VisualStudioVersion = 17.9.34622.214
MinimumVisualStudioVersion = 10.0.40219.1
Project("{FAE04EC0-301F-11D3-BF4B-00C04F79EFBC}") = "CrmModule", "CrmModule\CrmModule.csproj", "{3137D909-89B8-48A2-AB45-1E0849C0D084}"
EndProject
Global
	GlobalSection(SolutionConfigurationPlatforms) = preSolution
		Debug|Any CPU = Debug|Any CPU
		Release|Any CPU = Release|Any CPU
	EndGlobalSection
	GlobalSection(ProjectConfigurationPlatforms) = postSolution
		{3137D909-89B8-48A2-AB45-1E0849C0D084}.Debug|Any CPU.ActiveCfg = Debug|Any CPU
		{3137D909-89B8-48A2-AB45-1E0849C0D084}.Debug|Any CPU.Build.0 = Debug|Any CPU
		{3137D909-89B8-48A2-AB45-1E0849C0D084}.Release|Any CPU.ActiveCfg = Release|Any CPU
		{3137D909-89B8-48A2-AB45-1E0849C0D084}.Release|Any CPU.Build.0 = Release|Any CPU
	EndGlobalSection
	GlobalSection(SolutionProperties) = preSolution
		HideSolutionNode = FALSE
	EndGlobalSection
	GlobalSection(ExtensibilityGlobals) = postSolution
		SolutionGuid = {B9666F47-B93F-4445-B608-AB79E8D0A2EF}
	EndGlobalSection
EndGlobal
